Microsoft Visual Studio Solution File, Format Version 12.00
# Visual Studio Version 17
VisualStudioVersion = 17.5.2.0
MinimumVisualStudioVersion = 10.0.40219.1
Project("{FAE04EC0-301F-11D3-BF4B-00C04F79EFBC}") = "ApiGestaoLivraria", "ApiGestaoLivraria.csproj", "{75887C4D-50E3-3D39-AFE8-7C7710E859ED}"
EndProject
Global
	GlobalSection(SolutionConfigurationPlatforms) = preSolution
		Debug|Any CPU = Debug|Any CPU
		Release|Any CPU = Release|Any CPU
	EndGlobalSection
	GlobalSection(ProjectConfigurationPlatforms) = postSolution
		{75887C4D-50E3-3D39-AFE8-7C7710E859ED}.Debug|Any CPU.ActiveCfg = Debug|Any CPU
		{75887C4D-50E3-3D39-AFE8-7C7710E859ED}.Debug|Any CPU.Build.0 = Debug|Any CPU
		{75887C4D-50E3-3D39-AFE8-7C7710E859ED}.Release|Any CPU.ActiveCfg = Release|Any CPU
		{75887C4D-50E3-3D39-AFE8-7C7710E859ED}.Release|Any CPU.Build.0 = Release|Any CPU
	EndGlobalSection
	GlobalSection(SolutionProperties) = preSolution
		HideSolutionNode = FALSE
	EndGlobalSection
	GlobalSection(ExtensibilityGlobals) = postSolution
		SolutionGuid = {9E353739-57D2-4455-AB52-0AFC0F311106}
	EndGlobalSection
EndGlobal
